// !$*UTF8*$!
{
	archiveVersion = 1;
	classes = {
	};
	objectVersion = 56;
	objects = {

/* Begin PBXBuildFile section */
		8C99FA652BACC97400415DFE /* CreateAdApp.swift in Sources */ = {isa = PBXBuildFile; fileRef = 8C99FA642BACC97400415DFE /* CreateAdApp.swift */; };
		8C99FA672BACC97400415DFE /* RootView.swift in Sources */ = {isa = PBXBuildFile; fileRef = 8C99FA662BACC97400415DFE /* RootView.swift */; };
		8C99FA692BACC97500415DFE /* Assets.xcassets in Resources */ = {isa = PBXBuildFile; fileRef = 8C99FA682BACC97500415DFE /* Assets.xcassets */; };
		8C99FA762BACC97500415DFE /* CreateAdTests.swift in Sources */ = {isa = PBXBuildFile; fileRef = 8C99FA752BACC97500415DFE /* CreateAdTests.swift */; };
		8C99FA802BACC97500415DFE /* CreateAdUITests.swift in Sources */ = {isa = PBXBuildFile; fileRef = 8C99FA7F2BACC97500415DFE /* CreateAdUITests.swift */; };
		8C99FA822BACC97500415DFE /* CreateAdUITestsLaunchTests.swift in Sources */ = {isa = PBXBuildFile; fileRef = 8C99FA812BACC97500415DFE /* CreateAdUITestsLaunchTests.swift */; };
		8C99FA922BACCDDA00415DFE /* CreateAdView.swift in Sources */ = {isa = PBXBuildFile; fileRef = 8C99FA912BACCDDA00415DFE /* CreateAdView.swift */; };
		8C99FA942BACD13E00415DFE /* Location.swift in Sources */ = {isa = PBXBuildFile; fileRef = 8C99FA932BACD13E00415DFE /* Location.swift */; };
		8C99FA962BACF3DF00415DFE /* Network.swift in Sources */ = {isa = PBXBuildFile; fileRef = 8C99FA952BACF3DF00415DFE /* Network.swift */; };
		8C99FA9A2BAD371E00415DFE /* NewlyCleatedAd.swift in Sources */ = {isa = PBXBuildFile; fileRef = 8C99FA992BAD371E00415DFE /* NewlyCleatedAd.swift */; };
		8C99FA9C2BADCFCC00415DFE /* README.md in Resources */ = {isa = PBXBuildFile; fileRef = 8C99FA9B2BADCFCC00415DFE /* README.md */; };
		8C99FAA32BADD17F00415DFE /* View+clearButton.swift in Sources */ = {isa = PBXBuildFile; fileRef = 8C99FAA22BADD17F00415DFE /* View+clearButton.swift */; };
		8C99FAA52BADD27000415DFE /* RowView.swift in Sources */ = {isa = PBXBuildFile; fileRef = 8C99FAA42BADD27000415DFE /* RowView.swift */; };
		8C99FAA82BADD2CC00415DFE /* CreateAdViewModel.swift in Sources */ = {isa = PBXBuildFile; fileRef = 8C99FAA72BADD2CC00415DFE /* CreateAdViewModel.swift */; };
		8C99FAAA2BADD2FB00415DFE /* SheetView.swift in Sources */ = {isa = PBXBuildFile; fileRef = 8C99FAA92BADD2FB00415DFE /* SheetView.swift */; };
		8C99FAAC2BADD32800415DFE /* TextFieldClearButton.swift in Sources */ = {isa = PBXBuildFile; fileRef = 8C99FAAB2BADD32800415DFE /* TextFieldClearButton.swift */; };
		8C99FAAE2BADD35500415DFE /* CustomButton.swift in Sources */ = {isa = PBXBuildFile; fileRef = 8C99FAAD2BADD35500415DFE /* CustomButton.swift */; };
		8CC150A92BB6D0C5000D409D /* Preview Assets.xcassets in Resources */ = {isa = PBXBuildFile; fileRef = 8CC150A82BB6D0C5000D409D /* Preview Assets.xcassets */; };
/* End PBXBuildFile section */

/* Begin PBXContainerItemProxy section */
		8C99FA722BACC97500415DFE /* PBXContainerItemProxy */ = {
			isa = PBXContainerItemProxy;
			containerPortal = 8C99FA592BACC97400415DFE /* Project object */;
			proxyType = 1;
			remoteGlobalIDString = 8C99FA602BACC97400415DFE;
			remoteInfo = CreateAd;
		};
		8C99FA7C2BACC97500415DFE /* PBXContainerItemProxy */ = {
			isa = PBXContainerItemProxy;
			containerPortal = 8C99FA592BACC97400415DFE /* Project object */;
			proxyType = 1;
			remoteGlobalIDString = 8C99FA602BACC97400415DFE;
			remoteInfo = CreateAd;
		};
/* End PBXContainerItemProxy section */

/* Begin PBXFileReference section */
		8C99FA612BACC97400415DFE /* CreateAd.app */ = {isa = PBXFileReference; explicitFileType = wrapper.application; includeInIndex = 0; path = CreateAd.app; sourceTree = BUILT_PRODUCTS_DIR; };
		8C99FA642BACC97400415DFE /* CreateAdApp.swift */ = {isa = PBXFileReference; lastKnownFileType = sourcecode.swift; path = CreateAdApp.swift; sourceTree = "<group>"; };
		8C99FA662BACC97400415DFE /* RootView.swift */ = {isa = PBXFileReference; lastKnownFileType = sourcecode.swift; path = RootView.swift; sourceTree = "<group>"; };
		8C99FA682BACC97500415DFE /* Assets.xcassets */ = {isa = PBXFileReference; lastKnownFileType = folder.assetcatalog; path = Assets.xcassets; sourceTree = "<group>"; };
		8C99FA712BACC97500415DFE /* CreateAdTests.xctest */ = {isa = PBXFileReference; explicitFileType = wrapper.cfbundle; includeInIndex = 0; path = CreateAdTests.xctest; sourceTree = BUILT_PRODUCTS_DIR; };
		8C99FA752BACC97500415DFE /* CreateAdTests.swift */ = {isa = PBXFileReference; lastKnownFileType = sourcecode.swift; path = CreateAdTests.swift; sourceTree = "<group>"; };
		8C99FA7B2BACC97500415DFE /* CreateAdUITests.xctest */ = {isa = PBXFileReference; explicitFileType = wrapper.cfbundle; includeInIndex = 0; path = CreateAdUITests.xctest; sourceTree = BUILT_PRODUCTS_DIR; };
		8C99FA7F2BACC97500415DFE /* CreateAdUITests.swift */ = {isa = PBXFileReference; lastKnownFileType = sourcecode.swift; path = CreateAdUITests.swift; sourceTree = "<group>"; };
		8C99FA812BACC97500415DFE /* CreateAdUITestsLaunchTests.swift */ = {isa = PBXFileReference; lastKnownFileType = sourcecode.swift; path = CreateAdUITestsLaunchTests.swift; sourceTree = "<group>"; };
		8C99FA912BACCDDA00415DFE /* CreateAdView.swift */ = {isa = PBXFileReference; lastKnownFileType = sourcecode.swift; path = CreateAdView.swift; sourceTree = "<group>"; };
		8C99FA932BACD13E00415DFE /* Location.swift */ = {isa = PBXFileReference; lastKnownFileType = sourcecode.swift; path = Location.swift; sourceTree = "<group>"; };
		8C99FA952BACF3DF00415DFE /* Network.swift */ = {isa = PBXFileReference; lastKnownFileType = sourcecode.swift; path = Network.swift; sourceTree = "<group>"; };
		8C99FA992BAD371E00415DFE /* NewlyCleatedAd.swift */ = {isa = PBXFileReference; lastKnownFileType = sourcecode.swift; path = NewlyCleatedAd.swift; sourceTree = "<group>"; };
		8C99FA9B2BADCFCC00415DFE /* README.md */ = {isa = PBXFileReference; fileEncoding = 4; lastKnownFileType = net.daringfireball.markdown; path = README.md; sourceTree = "<group>"; };
		8C99FAA22BADD17F00415DFE /* View+clearButton.swift */ = {isa = PBXFileReference; lastKnownFileType = sourcecode.swift; path = "View+clearButton.swift"; sourceTree = "<group>"; };
		8C99FAA42BADD27000415DFE /* RowView.swift */ = {isa = PBXFileReference; lastKnownFileType = sourcecode.swift; path = RowView.swift; sourceTree = "<group>"; };
		8C99FAA72BADD2CC00415DFE /* CreateAdViewModel.swift */ = {isa = PBXFileReference; lastKnownFileType = sourcecode.swift; path = CreateAdViewModel.swift; sourceTree = "<group>"; };
		8C99FAA92BADD2FB00415DFE /* SheetView.swift */ = {isa = PBXFileReference; lastKnownFileType = sourcecode.swift; path = SheetView.swift; sourceTree = "<group>"; };
		8C99FAAB2BADD32800415DFE /* TextFieldClearButton.swift */ = {isa = PBXFileReference; lastKnownFileType = sourcecode.swift; path = TextFieldClearButton.swift; sourceTree = "<group>"; };
		8C99FAAD2BADD35500415DFE /* CustomButton.swift */ = {isa = PBXFileReference; lastKnownFileType = sourcecode.swift; path = CustomButton.swift; sourceTree = "<group>"; };
		8CC150A82BB6D0C5000D409D /* Preview Assets.xcassets */ = {isa = PBXFileReference; lastKnownFileType = folder.assetcatalog; path = "Preview Assets.xcassets"; sourceTree = "<group>"; };
		8CC150AC2BB6D2D7000D409D /* Info.plist */ = {isa = PBXFileReference; lastKnownFileType = text.plist.xml; path = Info.plist; sourceTree = "<group>"; };
/* End PBXFileReference section */

/* Begin PBXFrameworksBuildPhase section */
		8C99FA5E2BACC97400415DFE /* Frameworks */ = {
			isa = PBXFrameworksBuildPhase;
			buildActionMask = 2147483647;
			files = (
			);
			runOnlyForDeploymentPostprocessing = 0;
		};
		8C99FA6E2BACC97500415DFE /* Frameworks */ = {
			isa = PBXFrameworksBuildPhase;
			buildActionMask = 2147483647;
			files = (
			);
			runOnlyForDeploymentPostprocessing = 0;
		};
		8C99FA782BACC97500415DFE /* Frameworks */ = {
			isa = PBXFrameworksBuildPhase;
			buildActionMask = 2147483647;
			files = (
			);
			runOnlyForDeploymentPostprocessing = 0;
		};
/* End PBXFrameworksBuildPhase section */

/* Begin PBXGroup section */
		8C99FA582BACC97400415DFE = {
			isa = PBXGroup;
			children = (
				8C99FA9B2BADCFCC00415DFE /* README.md */,
				8C99FA632BACC97400415DFE /* CreateAd */,
				8C99FA742BACC97500415DFE /* CreateAdTests */,
				8C99FA7E2BACC97500415DFE /* CreateAdUITests */,
				8C99FA622BACC97400415DFE /* Products */,
			);
			sourceTree = "<group>";
		};
		8C99FA622BACC97400415DFE /* Products */ = {
			isa = PBXGroup;
			children = (
				8C99FA612BACC97400415DFE /* CreateAd.app */,
				8C99FA712BACC97500415DFE /* CreateAdTests.xctest */,
				8C99FA7B2BACC97500415DFE /* CreateAdUITests.xctest */,
			);
			name = Products;
			sourceTree = "<group>";
		};
		8C99FA632BACC97400415DFE /* CreateAd */ = {
			isa = PBXGroup;
			children = (
				8C99FA682BACC97500415DFE /* Assets.xcassets */,
				8C99FAA12BADD15800415DFE /* Extensions */,
				8CC150AC2BB6D2D7000D409D /* Info.plist */,
				8C99FAA02BADD10500415DFE /* Models */,
				8CC150712BB6CFB9000D409D /* Preview Content */,
				8C99FA9F2BADD0E700415DFE /* RemoteCalls */,
				8C99FA9D2BADD0AB00415DFE /* RootView */,
				8C99FAA62BADD2A600415DFE /* ViewModels */,
				8C99FA9E2BADD0C100415DFE /* Views */,
			);
			path = CreateAd;
			sourceTree = "<group>";
		};
		8C99FA742BACC97500415DFE /* CreateAdTests */ = {
			isa = PBXGroup;
			children = (
				8C99FA752BACC97500415DFE /* CreateAdTests.swift */,
			);
			path = CreateAdTests;
			sourceTree = "<group>";
		};
		8C99FA7E2BACC97500415DFE /* CreateAdUITests */ = {
			isa = PBXGroup;
			children = (
				8C99FA7F2BACC97500415DFE /* CreateAdUITests.swift */,
				8C99FA812BACC97500415DFE /* CreateAdUITestsLaunchTests.swift */,
			);
			path = CreateAdUITests;
			sourceTree = "<group>";
		};
		8C99FA9D2BADD0AB00415DFE /* RootView */ = {
			isa = PBXGroup;
			children = (
				8C99FA642BACC97400415DFE /* CreateAdApp.swift */,
				8C99FA662BACC97400415DFE /* RootView.swift */,
			);
			path = RootView;
			sourceTree = "<group>";
		};
		8C99FA9E2BADD0C100415DFE /* Views */ = {
			isa = PBXGroup;
			children = (
				8C99FA912BACCDDA00415DFE /* CreateAdView.swift */,
				8C99FAA92BADD2FB00415DFE /* SheetView.swift */,
				8C99FAA42BADD27000415DFE /* RowView.swift */,
				8C99FAAB2BADD32800415DFE /* TextFieldClearButton.swift */,
				8C99FAAD2BADD35500415DFE /* CustomButton.swift */,
			);
			path = Views;
			sourceTree = "<group>";
		};
		8C99FA9F2BADD0E700415DFE /* RemoteCalls */ = {
			isa = PBXGroup;
			children = (
				8C99FA952BACF3DF00415DFE /* Network.swift */,
			);
			path = RemoteCalls;
			sourceTree = "<group>";
		};
		8C99FAA02BADD10500415DFE /* Models */ = {
			isa = PBXGroup;
			children = (
				8C99FA932BACD13E00415DFE /* Location.swift */,
				8C99FA992BAD371E00415DFE /* NewlyCleatedAd.swift */,
			);
			path = Models;
			sourceTree = "<group>";
		};
		8C99FAA12BADD15800415DFE /* Extensions */ = {
			isa = PBXGroup;
			children = (
				8C99FAA22BADD17F00415DFE /* View+clearButton.swift */,
			);
			path = Extensions;
			sourceTree = "<group>";
		};
		8C99FAA62BADD2A600415DFE /* ViewModels */ = {
			isa = PBXGroup;
			children = (
				8C99FAA72BADD2CC00415DFE /* CreateAdViewModel.swift */,
			);
			path = ViewModels;
			sourceTree = "<group>";
		};
		8CC150712BB6CFB9000D409D /* Preview Content */ = {
			isa = PBXGroup;
			children = (
				8CC150A82BB6D0C5000D409D /* Preview Assets.xcassets */,
			);
			path = "Preview Content";
			sourceTree = "<group>";
		};
/* End PBXGroup section */

/* Begin PBXNativeTarget section */
		8C99FA602BACC97400415DFE /* CreateAd */ = {
			isa = PBXNativeTarget;
			buildConfigurationList = 8C99FA852BACC97500415DFE /* Build configuration list for PBXNativeTarget "CreateAd" */;
			buildPhases = (
				8C99FA5D2BACC97400415DFE /* Sources */,
				8C99FA5E2BACC97400415DFE /* Frameworks */,
				8C99FA5F2BACC97400415DFE /* Resources */,
			);
			buildRules = (
			);
			dependencies = (
			);
			name = CreateAd;
			productName = CreateAd;
			productReference = 8C99FA612BACC97400415DFE /* CreateAd.app */;
			productType = "com.apple.product-type.application";
		};
		8C99FA702BACC97500415DFE /* CreateAdTests */ = {
			isa = PBXNativeTarget;
			buildConfigurationList = 8C99FA882BACC97500415DFE /* Build configuration list for PBXNativeTarget "CreateAdTests" */;
			buildPhases = (
				8C99FA6D2BACC97500415DFE /* Sources */,
				8C99FA6E2BACC97500415DFE /* Frameworks */,
				8C99FA6F2BACC97500415DFE /* Resources */,
			);
			buildRules = (
			);
			dependencies = (
				8C99FA732BACC97500415DFE /* PBXTargetDependency */,
			);
			name = CreateAdTests;
			productName = CreateAdTests;
			productReference = 8C99FA712BACC97500415DFE /* CreateAdTests.xctest */;
			productType = "com.apple.product-type.bundle.unit-test";
		};
		8C99FA7A2BACC97500415DFE /* CreateAdUITests */ = {
			isa = PBXNativeTarget;
			buildConfigurationList = 8C99FA8B2BACC97500415DFE /* Build configuration list for PBXNativeTarget "CreateAdUITests" */;
			buildPhases = (
				8C99FA772BACC97500415DFE /* Sources */,
				8C99FA782BACC97500415DFE /* Frameworks */,
				8C99FA792BACC97500415DFE /* Resources */,
			);
			buildRules = (
			);
			dependencies = (
				8C99FA7D2BACC97500415DFE /* PBXTargetDependency */,
			);
			name = CreateAdUITests;
			productName = CreateAdUITests;
			productReference = 8C99FA7B2BACC97500415DFE /* CreateAdUITests.xctest */;
			productType = "com.apple.product-type.bundle.ui-testing";
		};
/* End PBXNativeTarget section */

/* Begin PBXProject section */
		8C99FA592BACC97400415DFE /* Project object */ = {
			isa = PBXProject;
			attributes = {
				BuildIndependentTargetsInParallel = 1;
				LastSwiftUpdateCheck = 1500;
				LastUpgradeCheck = 1500;
				TargetAttributes = {
					8C99FA602BACC97400415DFE = {
						CreatedOnToolsVersion = 15.0.1;
					};
					8C99FA702BACC97500415DFE = {
						CreatedOnToolsVersion = 15.0.1;
						TestTargetID = 8C99FA602BACC97400415DFE;
					};
					8C99FA7A2BACC97500415DFE = {
						CreatedOnToolsVersion = 15.0.1;
						TestTargetID = 8C99FA602BACC97400415DFE;
					};
				};
			};
			buildConfigurationList = 8C99FA5C2BACC97400415DFE /* Build configuration list for PBXProject "CreateAd" */;
			compatibilityVersion = "Xcode 14.0";
			developmentRegion = en;
			hasScannedForEncodings = 0;
			knownRegions = (
				en,
				Base,
			);
			mainGroup = 8C99FA582BACC97400415DFE;
			productRefGroup = 8C99FA622BACC97400415DFE /* Products */;
			projectDirPath = "";
			projectRoot = "";
			targets = (
				8C99FA602BACC97400415DFE /* CreateAd */,
				8C99FA702BACC97500415DFE /* CreateAdTests */,
				8C99FA7A2BACC97500415DFE /* CreateAdUITests */,
			);
		};
/* End PBXProject section */

/* Begin PBXResourcesBuildPhase section */
		8C99FA5F2BACC97400415DFE /* Resources */ = {
			isa = PBXResourcesBuildPhase;
			buildActionMask = 2147483647;
			files = (
				8C99FA9C2BADCFCC00415DFE /* README.md in Resources */,
				8CC150A92BB6D0C5000D409D /* Preview Assets.xcassets in Resources */,
				8C99FA692BACC97500415DFE /* Assets.xcassets in Resources */,
			);
			runOnlyForDeploymentPostprocessing = 0;
		};
		8C99FA6F2BACC97500415DFE /* Resources */ = {
			isa = PBXResourcesBuildPhase;
			buildActionMask = 2147483647;
			files = (
			);
			runOnlyForDeploymentPostprocessing = 0;
		};
		8C99FA792BACC97500415DFE /* Resources */ = {
			isa = PBXResourcesBuildPhase;
			buildActionMask = 2147483647;
			files = (
			);
			runOnlyForDeploymentPostprocessing = 0;
		};
/* End PBXResourcesBuildPhase section */

/* Begin PBXSourcesBuildPhase section */
		8C99FA5D2BACC97400415DFE /* Sources */ = {
			isa = PBXSourcesBuildPhase;
			buildActionMask = 2147483647;
			files = (
				8C99FA962BACF3DF00415DFE /* Network.swift in Sources */,
				8C99FAA32BADD17F00415DFE /* View+clearButton.swift in Sources */,
				8C99FAAA2BADD2FB00415DFE /* SheetView.swift in Sources */,
				8C99FAAE2BADD35500415DFE /* CustomButton.swift in Sources */,
				8C99FA9A2BAD371E00415DFE /* NewlyCleatedAd.swift in Sources */,
				8C99FAA52BADD27000415DFE /* RowView.swift in Sources */,
				8C99FA672BACC97400415DFE /* RootView.swift in Sources */,
				8C99FA922BACCDDA00415DFE /* CreateAdView.swift in Sources */,
				8C99FA942BACD13E00415DFE /* Location.swift in Sources */,
				8C99FA652BACC97400415DFE /* CreateAdApp.swift in Sources */,
				8C99FAAC2BADD32800415DFE /* TextFieldClearButton.swift in Sources */,
				8C99FAA82BADD2CC00415DFE /* CreateAdViewModel.swift in Sources */,
			);
			runOnlyForDeploymentPostprocessing = 0;
		};
		8C99FA6D2BACC97500415DFE /* Sources */ = {
			isa = PBXSourcesBuildPhase;
			buildActionMask = 2147483647;
			files = (
				8C99FA762BACC97500415DFE /* CreateAdTests.swift in Sources */,
			);
			runOnlyForDeploymentPostprocessing = 0;
		};
		8C99FA772BACC97500415DFE /* Sources */ = {
			isa = PBXSourcesBuildPhase;
			buildActionMask = 2147483647;
			files = (
				8C99FA822BACC97500415DFE /* CreateAdUITestsLaunchTests.swift in Sources */,
				8C99FA802BACC97500415DFE /* CreateAdUITests.swift in Sources */,
			);
			runOnlyForDeploymentPostprocessing = 0;
		};
/* End PBXSourcesBuildPhase section */

/* Begin PBXTargetDependency section */
		8C99FA732BACC97500415DFE /* PBXTargetDependency */ = {
			isa = PBXTargetDependency;
			target = 8C99FA602BACC97400415DFE /* CreateAd */;
			targetProxy = 8C99FA722BACC97500415DFE /* PBXContainerItemProxy */;
		};
		8C99FA7D2BACC97500415DFE /* PBXTargetDependency */ = {
			isa = PBXTargetDependency;
			target = 8C99FA602BACC97400415DFE /* CreateAd */;
			targetProxy = 8C99FA7C2BACC97500415DFE /* PBXContainerItemProxy */;
		};
/* End PBXTargetDependency section */

/* Begin XCBuildConfiguration section */
		8C99FA832BACC97500415DFE /* Debug */ = {
			isa = XCBuildConfiguration;
			buildSettings = {
				ALWAYS_SEARCH_USER_PATHS = NO;
				ASSETCATALOG_COMPILER_GENERATE_SWIFT_ASSET_SYMBOL_EXTENSIONS = YES;
				CLANG_ANALYZER_NONNULL = YES;
				CLANG_ANALYZER_NUMBER_OBJECT_CONVERSION = YES_AGGRESSIVE;
				CLANG_CXX_LANGUAGE_STANDARD = "gnu++20";
				CLANG_ENABLE_MODULES = YES;
				CLANG_ENABLE_OBJC_ARC = YES;
				CLANG_ENABLE_OBJC_WEAK = YES;
				CLANG_WARN_BLOCK_CAPTURE_AUTORELEASING = YES;
				CLANG_WARN_BOOL_CONVERSION = YES;
				CLANG_WARN_COMMA = YES;
				CLANG_WARN_CONSTANT_CONVERSION = YES;
				CLANG_WARN_DEPRECATED_OBJC_IMPLEMENTATIONS = YES;
				CLANG_WARN_DIRECT_OBJC_ISA_USAGE = YES_ERROR;
				CLANG_WARN_DOCUMENTATION_COMMENTS = YES;
				CLANG_WARN_EMPTY_BODY = YES;
				CLANG_WARN_ENUM_CONVERSION = YES;
				CLANG_WARN_INFINITE_RECURSION = YES;
				CLANG_WARN_INT_CONVERSION = YES;
				CLANG_WARN_NON_LITERAL_NULL_CONVERSION = YES;
				CLANG_WARN_OBJC_IMPLICIT_RETAIN_SELF = YES;
				CLANG_WARN_OBJC_LITERAL_CONVERSION = YES;
				CLANG_WARN_OBJC_ROOT_CLASS = YES_ERROR;
				CLANG_WARN_QUOTED_INCLUDE_IN_FRAMEWORK_HEADER = YES;
				CLANG_WARN_RANGE_LOOP_ANALYSIS = YES;
				CLANG_WARN_STRICT_PROTOTYPES = YES;
				CLANG_WARN_SUSPICIOUS_MOVE = YES;
				CLANG_WARN_UNGUARDED_AVAILABILITY = YES_AGGRESSIVE;
				CLANG_WARN_UNREACHABLE_CODE = YES;
				CLANG_WARN__DUPLICATE_METHOD_MATCH = YES;
				COPY_PHASE_STRIP = NO;
				DEBUG_INFORMATION_FORMAT = dwarf;
				ENABLE_STRICT_OBJC_MSGSEND = YES;
				ENABLE_TESTABILITY = YES;
				ENABLE_USER_SCRIPT_SANDBOXING = YES;
				GCC_C_LANGUAGE_STANDARD = gnu17;
				GCC_DYNAMIC_NO_PIC = NO;
				GCC_NO_COMMON_BLOCKS = YES;
				GCC_OPTIMIZATION_LEVEL = 0;
				GCC_PREPROCESSOR_DEFINITIONS = (
					"DEBUG=1",
					"$(inherited)",
				);
				GCC_WARN_64_TO_32_BIT_CONVERSION = YES;
				GCC_WARN_ABOUT_RETURN_TYPE = YES_ERROR;
				GCC_WARN_UNDECLARED_SELECTOR = YES;
				GCC_WARN_UNINITIALIZED_AUTOS = YES_AGGRESSIVE;
				GCC_WARN_UNUSED_FUNCTION = YES;
				GCC_WARN_UNUSED_VARIABLE = YES;
				IPHONEOS_DEPLOYMENT_TARGET = 17.0;
				LOCALIZATION_PREFERS_STRING_CATALOGS = YES;
				MTL_ENABLE_DEBUG_INFO = INCLUDE_SOURCE;
				MTL_FAST_MATH = YES;
				ONLY_ACTIVE_ARCH = YES;
				SDKROOT = iphoneos;
				SWIFT_ACTIVE_COMPILATION_CONDITIONS = "DEBUG $(inherited)";
				SWIFT_OPTIMIZATION_LEVEL = "-Onone";
			};
			name = Debug;
		};
		8C99FA842BACC97500415DFE /* Release */ = {
			isa = XCBuildConfiguration;
			buildSettings = {
				ALWAYS_SEARCH_USER_PATHS = NO;
				ASSETCATALOG_COMPILER_GENERATE_SWIFT_ASSET_SYMBOL_EXTENSIONS = YES;
				CLANG_ANALYZER_NONNULL = YES;
				CLANG_ANALYZER_NUMBER_OBJECT_CONVERSION = YES_AGGRESSIVE;
				CLANG_CXX_LANGUAGE_STANDARD = "gnu++20";
				CLANG_ENABLE_MODULES = YES;
				CLANG_ENABLE_OBJC_ARC = YES;
				CLANG_ENABLE_OBJC_WEAK = YES;
				CLANG_WARN_BLOCK_CAPTURE_AUTORELEASING = YES;
				CLANG_WARN_BOOL_CONVERSION = YES;
				CLANG_WARN_COMMA = YES;
				CLANG_WARN_CONSTANT_CONVERSION = YES;
				CLANG_WARN_DEPRECATED_OBJC_IMPLEMENTATIONS = YES;
				CLANG_WARN_DIRECT_OBJC_ISA_USAGE = YES_ERROR;
				CLANG_WARN_DOCUMENTATION_COMMENTS = YES;
				CLANG_WARN_EMPTY_BODY = YES;
				CLANG_WARN_ENUM_CONVERSION = YES;
				CLANG_WARN_INFINITE_RECURSION = YES;
				CLANG_WARN_INT_CONVERSION = YES;
				CLANG_WARN_NON_LITERAL_NULL_CONVERSION = YES;
				CLANG_WARN_OBJC_IMPLICIT_RETAIN_SELF = YES;
				CLANG_WARN_OBJC_LITERAL_CONVERSION = YES;
				CLANG_WARN_OBJC_ROOT_CLASS = YES_ERROR;
				CLANG_WARN_QUOTED_INCLUDE_IN_FRAMEWORK_HEADER = YES;
				CLANG_WARN_RANGE_LOOP_ANALYSIS = YES;
				CLANG_WARN_STRICT_PROTOTYPES = YES;
				CLANG_WARN_SUSPICIOUS_MOVE = YES;
				CLANG_WARN_UNGUARDED_AVAILABILITY = YES_AGGRESSIVE;
				CLANG_WARN_UNREACHABLE_CODE = YES;
				CLANG_WARN__DUPLICATE_METHOD_MATCH = YES;
				COPY_PHASE_STRIP = NO;
				DEBUG_INFORMATION_FORMAT = "dwarf-with-dsym";
				ENABLE_NS_ASSERTIONS = NO;
				ENABLE_STRICT_OBJC_MSGSEND = YES;
				ENABLE_USER_SCRIPT_SANDBOXING = YES;
				GCC_C_LANGUAGE_STANDARD = gnu17;
				GCC_NO_COMMON_BLOCKS = YES;
				GCC_WARN_64_TO_32_BIT_CONVERSION = YES;
				GCC_WARN_ABOUT_RETURN_TYPE = YES_ERROR;
				GCC_WARN_UNDECLARED_SELECTOR = YES;
				GCC_WARN_UNINITIALIZED_AUTOS = YES_AGGRESSIVE;
				GCC_WARN_UNUSED_FUNCTION = YES;
				GCC_WARN_UNUSED_VARIABLE = YES;
				IPHONEOS_DEPLOYMENT_TARGET = 17.0;
				LOCALIZATION_PREFERS_STRING_CATALOGS = YES;
				MTL_ENABLE_DEBUG_INFO = NO;
				MTL_FAST_MATH = YES;
				SDKROOT = iphoneos;
				SWIFT_COMPILATION_MODE = wholemodule;
				VALIDATE_PRODUCT = YES;
			};
			name = Release;
		};
		8C99FA862BACC97500415DFE /* Debug */ = {
			isa = XCBuildConfiguration;
			buildSettings = {
				ASSETCATALOG_COMPILER_APPICON_NAME = AppIcon;
				ASSETCATALOG_COMPILER_GLOBAL_ACCENT_COLOR_NAME = AccentColor;
				CODE_SIGN_STYLE = Automatic;
				CURRENT_PROJECT_VERSION = 1;
				DEVELOPMENT_ASSET_PATHS = "\"CreateAd/Preview Content\"";
				DEVELOPMENT_TEAM = G48PNQW3MM;
				ENABLE_PREVIEWS = YES;
				GENERATE_INFOPLIST_FILE = YES;
				INFOPLIST_FILE = CreateAd/Info.plist;
				INFOPLIST_KEY_UIApplicationSceneManifest_Generation = YES;
				INFOPLIST_KEY_UIApplicationSupportsIndirectInputEvents = YES;
				INFOPLIST_KEY_UILaunchScreen_Generation = YES;
				INFOPLIST_KEY_UISupportedInterfaceOrientations_iPad = "UIInterfaceOrientationPortrait UIInterfaceOrientationPortraitUpsideDown UIInterfaceOrientationLandscapeLeft UIInterfaceOrientationLandscapeRight";
				INFOPLIST_KEY_UISupportedInterfaceOrientations_iPhone = "UIInterfaceOrientationPortrait UIInterfaceOrientationLandscapeLeft UIInterfaceOrientationLandscapeRight";
				LD_RUNPATH_SEARCH_PATHS = (
					"$(inherited)",
					"@executable_path/Frameworks",
				);
				MARKETING_VERSION = 1.0;
				PRODUCT_BUNDLE_IDENTIFIER = "Dimitrios-Tsoumanis.CreateAd";
				PRODUCT_NAME = "$(TARGET_NAME)";
				SWIFT_EMIT_LOC_STRINGS = YES;
				SWIFT_VERSION = 5.0;
				TARGETED_DEVICE_FAMILY = "1,2";
			};
			name = Debug;
		};
		8C99FA872BACC97500415DFE /* Release */ = {
			isa = XCBuildConfiguration;
			buildSettings = {
				ASSETCATALOG_COMPILER_APPICON_NAME = AppIcon;
				ASSETCATALOG_COMPILER_GLOBAL_ACCENT_COLOR_NAME = AccentColor;
				CODE_SIGN_STYLE = Automatic;
				CURRENT_PROJECT_VERSION = 1;
				DEVELOPMENT_ASSET_PATHS = "\"CreateAd/Preview Content\"";
				DEVELOPMENT_TEAM = G48PNQW3MM;
				ENABLE_PREVIEWS = YES;
				GENERATE_INFOPLIST_FILE = YES;
				INFOPLIST_FILE = CreateAd/Info.plist;
				INFOPLIST_KEY_UIApplicationSceneManifest_Generation = YES;
				INFOPLIST_KEY_UIApplicationSupportsIndirectInputEvents = YES;
				INFOPLIST_KEY_UILaunchScreen_Generation = YES;
				INFOPLIST_KEY_UISupportedInterfaceOrientations_iPad = "UIInterfaceOrientationPortrait UIInterfaceOrientationPortraitUpsideDown UIInterfaceOrientationLandscapeLeft UIInterfaceOrientationLandscapeRight";
				INFOPLIST_KEY_UISupportedInterfaceOrientations_iPhone = "UIInterfaceOrientationPortrait UIInterfaceOrientationLandscapeLeft UIInterfaceOrientationLandscapeRight";
				LD_RUNPATH_SEARCH_PATHS = (
					"$(inherited)",
					"@executable_path/Frameworks",
				);
				MARKETING_VERSION = 1.0;
				PRODUCT_BUNDLE_IDENTIFIER = "Dimitrios-Tsoumanis.CreateAd";
				PRODUCT_NAME = "$(TARGET_NAME)";
				SWIFT_EMIT_LOC_STRINGS = YES;
				SWIFT_VERSION = 5.0;
				TARGETED_DEVICE_FAMILY = "1,2";
			};
			name = Release;
		};
		8C99FA892BACC97500415DFE /* Debug */ = {
			isa = XCBuildConfiguration;
			buildSettings = {
				ALWAYS_EMBED_SWIFT_STANDARD_LIBRARIES = YES;
				BUNDLE_LOADER = "$(TEST_HOST)";
				CODE_SIGN_STYLE = Automatic;
				CURRENT_PROJECT_VERSION = 1;
				DEVELOPMENT_TEAM = G48PNQW3MM;
				GENERATE_INFOPLIST_FILE = YES;
				IPHONEOS_DEPLOYMENT_TARGET = 17.0;
				MARKETING_VERSION = 1.0;
				PRODUCT_BUNDLE_IDENTIFIER = "Dimitrios-Tsoumanis.CreateAdTests";
				PRODUCT_NAME = "$(TARGET_NAME)";
				SWIFT_EMIT_LOC_STRINGS = NO;
				SWIFT_VERSION = 5.0;
				TARGETED_DEVICE_FAMILY = "1,2";
				TEST_HOST = "$(BUILT_PRODUCTS_DIR)/CreateAd.app/$(BUNDLE_EXECUTABLE_FOLDER_PATH)/CreateAd";
			};
			name = Debug;
		};
		8C99FA8A2BACC97500415DFE /* Release */ = {
			isa = XCBuildConfiguration;
			buildSettings = {
				ALWAYS_EMBED_SWIFT_STANDARD_LIBRARIES = YES;
				BUNDLE_LOADER = "$(TEST_HOST)";
				CODE_SIGN_STYLE = Automatic;
				CURRENT_PROJECT_VERSION = 1;
				DEVELOPMENT_TEAM = G48PNQW3MM;
				GENERATE_INFOPLIST_FILE = YES;
				IPHONEOS_DEPLOYMENT_TARGET = 17.0;
				MARKETING_VERSION = 1.0;
				PRODUCT_BUNDLE_IDENTIFIER = "Dimitrios-Tsoumanis.CreateAdTests";
				PRODUCT_NAME = "$(TARGET_NAME)";
				SWIFT_EMIT_LOC_STRINGS = NO;
				SWIFT_VERSION = 5.0;
				TARGETED_DEVICE_FAMILY = "1,2";
				TEST_HOST = "$(BUILT_PRODUCTS_DIR)/CreateAd.app/$(BUNDLE_EXECUTABLE_FOLDER_PATH)/CreateAd";
			};
			name = Release;
		};
		8C99FA8C2BACC97500415DFE /* Debug */ = {
			isa = XCBuildConfiguration;
			buildSettings = {
				ALWAYS_EMBED_SWIFT_STANDARD_LIBRARIES = YES;
				CODE_SIGN_STYLE = Automatic;
				CURRENT_PROJECT_VERSION = 1;
				DEVELOPMENT_TEAM = G48PNQW3MM;
				GENERATE_INFOPLIST_FILE = YES;
				MARKETING_VERSION = 1.0;
				PRODUCT_BUNDLE_IDENTIFIER = "Dimitrios-Tsoumanis.CreateAdUITests";
				PRODUCT_NAME = "$(TARGET_NAME)";
				SWIFT_EMIT_LOC_STRINGS = NO;
				SWIFT_VERSION = 5.0;
				TARGETED_DEVICE_FAMILY = "1,2";
				TEST_TARGET_NAME = CreateAd;
			};
			name = Debug;
		};
		8C99FA8D2BACC97500415DFE /* Release */ = {
			isa = XCBuildConfiguration;
			buildSettings = {
				ALWAYS_EMBED_SWIFT_STANDARD_LIBRARIES = YES;
				CODE_SIGN_STYLE = Automatic;
				CURRENT_PROJECT_VERSION = 1;
				DEVELOPMENT_TEAM = G48PNQW3MM;
				GENERATE_INFOPLIST_FILE = YES;
				MARKETING_VERSION = 1.0;
				PRODUCT_BUNDLE_IDENTIFIER = "Dimitrios-Tsoumanis.CreateAdUITests";
				PRODUCT_NAME = "$(TARGET_NAME)";
				SWIFT_EMIT_LOC_STRINGS = NO;
				SWIFT_VERSION = 5.0;
				TARGETED_DEVICE_FAMILY = "1,2";
				TEST_TARGET_NAME = CreateAd;
			};
			name = Release;
		};
/* End XCBuildConfiguration section */

/* Begin XCConfigurationList section */
		8C99FA5C2BACC97400415DFE /* Build configuration list for PBXProject "CreateAd" */ = {
			isa = XCConfigurationList;
			buildConfigurations = (
				8C99FA832BACC97500415DFE /* Debug */,
				8C99FA842BACC97500415DFE /* Release */,
			);
			defaultConfigurationIsVisible = 0;
			defaultConfigurationName = Release;
		};
		8C99FA852BACC97500415DFE /* Build configuration list for PBXNativeTarget "CreateAd" */ = {
			isa = XCConfigurationList;
			buildConfigurations = (
				8C99FA862BACC97500415DFE /* Debug */,
				8C99FA872BACC97500415DFE /* Release */,
			);
			defaultConfigurationIsVisible = 0;
			defaultConfigurationName = Release;
		};
		8C99FA882BACC97500415DFE /* Build configuration list for PBXNativeTarget "CreateAdTests" */ = {
			isa = XCConfigurationList;
			buildConfigurations = (
				8C99FA892BACC97500415DFE /* Debug */,
				8C99FA8A2BACC97500415DFE /* Release */,
			);
			defaultConfigurationIsVisible = 0;
			defaultConfigurationName = Release;
		};
		8C99FA8B2BACC97500415DFE /* Build configuration list for PBXNativeTarget "CreateAdUITests" */ = {
			isa = XCConfigurationList;
			buildConfigurations = (
				8C99FA8C2BACC97500415DFE /* Debug */,
				8C99FA8D2BACC97500415DFE /* Release */,
			);
			defaultConfigurationIsVisible = 0;
			defaultConfigurationName = Release;
		};
/* End XCConfigurationList section */
	};
	rootObject = 8C99FA592BACC97400415DFE /* Project object */;
}
